
Microsoft Visual Studio Solution File, Format Version 12.00
# Visual Studio 15
Project("{FAE04EC0-301F-11D3-BF4B-00C04F79EFBC}") = "Assembly-CSharp", "Assembly-CSharp.csproj", "{B511305A-EFD3-1191-7B87-FFA3E07CF454}"
EndProject
Project("{FAE04EC0-301F-11D3-BF4B-00C04F79EFBC}") = "Assembly-CSharp-firstpass", "Assembly-CSharp-firstpass.csproj", "{2D24C602-B44F-7FF8-69AA-38C438029469}"
EndProject
Project("{FAE04EC0-301F-11D3-BF4B-00C04F79EFBC}") = "Assembly-CSharp-Editor", "Assembly-CSharp-Editor.csproj", "{4A03C51E-78B4-D914-FDBA-46A283CEC692}"
EndProject
Global
	GlobalSection(SolutionConfigurationPlatforms) = preSolution
		Debug|Any CPU = Debug|Any CPU
		Release|Any CPU = Release|Any CPU
	EndGlobalSection
	GlobalSection(ProjectConfigurationPlatforms) = postSolution
		{B511305A-EFD3-1191-7B87-FFA3E07CF454}.Debug|Any CPU.ActiveCfg = Debug|Any CPU
		{B511305A-EFD3-1191-7B87-FFA3E07CF454}.Debug|Any CPU.Build.0 = Debug|Any CPU
		{B511305A-EFD3-1191-7B87-FFA3E07CF454}.Release|Any CPU.ActiveCfg = Release|Any CPU
		{B511305A-EFD3-1191-7B87-FFA3E07CF454}.Release|Any CPU.Build.0 = Release|Any CPU
		{2D24C602-B44F-7FF8-69AA-38C438029469}.Debug|Any CPU.ActiveCfg = Debug|Any CPU
		{2D24C602-B44F-7FF8-69AA-38C438029469}.Debug|Any CPU.Build.0 = Debug|Any CPU
		{2D24C602-B44F-7FF8-69AA-38C438029469}.Release|Any CPU.ActiveCfg = Release|Any CPU
		{2D24C602-B44F-7FF8-69AA-38C438029469}.Release|Any CPU.Build.0 = Release|Any CPU
		{4A03C51E-78B4-D914-FDBA-46A283CEC692}.Debug|Any CPU.ActiveCfg = Debug|Any CPU
		{4A03C51E-78B4-D914-FDBA-46A283CEC692}.Debug|Any CPU.Build.0 = Debug|Any CPU
		{4A03C51E-78B4-D914-FDBA-46A283CEC692}.Release|Any CPU.ActiveCfg = Release|Any CPU
		{4A03C51E-78B4-D914-FDBA-46A283CEC692}.Release|Any CPU.Build.0 = Release|Any CPU
	EndGlobalSection
	GlobalSection(SolutionProperties) = preSolution
		HideSolutionNode = FALSE
	EndGlobalSection
EndGlobal
