
Microsoft Visual Studio Solution File, Format Version 12.00
# Visual Studio 15
Project("{FAE04EC0-301F-11D3-BF4B-00C04F79EFBC}") = "Assembly-CSharp", "Assembly-CSharp.csproj", "{30933387-1A46-61B6-719E-C9BFC4ED0068}"
EndProject
Project("{FAE04EC0-301F-11D3-BF4B-00C04F79EFBC}") = "Assembly-CSharp-firstpass", "Assembly-CSharp-firstpass.csproj", "{E7772BE0-39D2-1C6D-0CCA-124230188E99}"
EndProject
Project("{FAE04EC0-301F-11D3-BF4B-00C04F79EFBC}") = "Assembly-CSharp-Editor", "Assembly-CSharp-Editor.csproj", "{3D6F3C3C-49CA-61C3-A975-F08C47A0B153}"
EndProject
Global
	GlobalSection(SolutionConfigurationPlatforms) = preSolution
		Debug|Any CPU = Debug|Any CPU
		Release|Any CPU = Release|Any CPU
	EndGlobalSection
	GlobalSection(ProjectConfigurationPlatforms) = postSolution
		{30933387-1A46-61B6-719E-C9BFC4ED0068}.Debug|Any CPU.ActiveCfg = Debug|Any CPU
		{30933387-1A46-61B6-719E-C9BFC4ED0068}.Debug|Any CPU.Build.0 = Debug|Any CPU
		{30933387-1A46-61B6-719E-C9BFC4ED0068}.Release|Any CPU.ActiveCfg = Release|Any CPU
		{30933387-1A46-61B6-719E-C9BFC4ED0068}.Release|Any CPU.Build.0 = Release|Any CPU
		{E7772BE0-39D2-1C6D-0CCA-124230188E99}.Debug|Any CPU.ActiveCfg = Debug|Any CPU
		{E7772BE0-39D2-1C6D-0CCA-124230188E99}.Debug|Any CPU.Build.0 = Debug|Any CPU
		{E7772BE0-39D2-1C6D-0CCA-124230188E99}.Release|Any CPU.ActiveCfg = Release|Any CPU
		{E7772BE0-39D2-1C6D-0CCA-124230188E99}.Release|Any CPU.Build.0 = Release|Any CPU
		{3D6F3C3C-49CA-61C3-A975-F08C47A0B153}.Debug|Any CPU.ActiveCfg = Debug|Any CPU
		{3D6F3C3C-49CA-61C3-A975-F08C47A0B153}.Debug|Any CPU.Build.0 = Debug|Any CPU
		{3D6F3C3C-49CA-61C3-A975-F08C47A0B153}.Release|Any CPU.ActiveCfg = Release|Any CPU
		{3D6F3C3C-49CA-61C3-A975-F08C47A0B153}.Release|Any CPU.Build.0 = Release|Any CPU
	EndGlobalSection
	GlobalSection(SolutionProperties) = preSolution
		HideSolutionNode = FALSE
	EndGlobalSection
EndGlobal
