
Microsoft Visual Studio Solution File, Format Version 11.00
# Visual Studio 2010
Project("{FAE04EC0-301F-11D3-BF4B-00C04F79EFBC}") = "Zenject", "Zenject.csproj", "{B5894BA5-C03F-5114-FA4D-7DE0D51AC132}"
EndProject
Project("{FAE04EC0-301F-11D3-BF4B-00C04F79EFBC}") = "Zenject-IntegrationTests-Editor", "Zenject-IntegrationTests-Editor.csproj", "{93BE7FC5-8418-1DDA-5BE0-A63DB5C2FF1E}"
EndProject
Project("{FAE04EC0-301F-11D3-BF4B-00C04F79EFBC}") = "Assembly-CSharp", "Assembly-CSharp.csproj", "{30933387-1A46-61B6-719E-C9BFC4ED0068}"
EndProject
Project("{FAE04EC0-301F-11D3-BF4B-00C04F79EFBC}") = "Zenject-IntegrationTests", "Zenject-IntegrationTests.csproj", "{6EC9D6BC-C11E-8D7F-F09B-A14CC2470838}"
EndProject
Project("{FAE04EC0-301F-11D3-BF4B-00C04F79EFBC}") = "Assembly-CSharp-firstpass", "Assembly-CSharp-firstpass.csproj", "{E7772BE0-39D2-1C6D-0CCA-124230188E99}"
EndProject
Project("{FAE04EC0-301F-11D3-BF4B-00C04F79EFBC}") = "Zenject-PoolMonitor-Editor", "Zenject-PoolMonitor-Editor.csproj", "{236B3727-778C-A710-C4B2-C82FDDA015F9}"
EndProject
Project("{FAE04EC0-301F-11D3-BF4B-00C04F79EFBC}") = "Zenject-UnitTests-Editor", "Zenject-UnitTests-Editor.csproj", "{A26CFFED-0294-F65A-1ACF-F9860FFB743F}"
EndProject
Project("{FAE04EC0-301F-11D3-BF4B-00C04F79EFBC}") = "Assembly-CSharp-Editor", "Assembly-CSharp-Editor.csproj", "{3D6F3C3C-49CA-61C3-A975-F08C47A0B153}"
EndProject
Project("{FAE04EC0-301F-11D3-BF4B-00C04F79EFBC}") = "Zenject-ReflectionBaking-Editor", "Zenject-ReflectionBaking-Editor.csproj", "{71A1A4D3-0EA3-BEF1-196C-EB291765FA18}"
EndProject
Project("{FAE04EC0-301F-11D3-BF4B-00C04F79EFBC}") = "Zenject-TestFramework", "Zenject-TestFramework.csproj", "{83A01E4A-D70B-AE41-2E89-7005D585A626}"
EndProject
Project("{FAE04EC0-301F-11D3-BF4B-00C04F79EFBC}") = "Zenject-Editor", "Zenject-Editor.csproj", "{C6F49D16-677F-EDC9-E828-540A06FB1EA5}"
EndProject
Global
	GlobalSection(SolutionConfigurationPlatforms) = preSolution
		Debug|Any CPU = Debug|Any CPU
		Release|Any CPU = Release|Any CPU
	EndGlobalSection
	GlobalSection(ProjectConfigurationPlatforms) = postSolution
		{B5894BA5-C03F-5114-FA4D-7DE0D51AC132}.Debug|Any CPU.ActiveCfg = Debug|Any CPU
		{B5894BA5-C03F-5114-FA4D-7DE0D51AC132}.Debug|Any CPU.Build.0 = Debug|Any CPU
		{B5894BA5-C03F-5114-FA4D-7DE0D51AC132}.Release|Any CPU.ActiveCfg = Release|Any CPU
		{B5894BA5-C03F-5114-FA4D-7DE0D51AC132}.Release|Any CPU.Build.0 = Release|Any CPU
		{93BE7FC5-8418-1DDA-5BE0-A63DB5C2FF1E}.Debug|Any CPU.ActiveCfg = Debug|Any CPU
		{93BE7FC5-8418-1DDA-5BE0-A63DB5C2FF1E}.Debug|Any CPU.Build.0 = Debug|Any CPU
		{93BE7FC5-8418-1DDA-5BE0-A63DB5C2FF1E}.Release|Any CPU.ActiveCfg = Release|Any CPU
		{93BE7FC5-8418-1DDA-5BE0-A63DB5C2FF1E}.Release|Any CPU.Build.0 = Release|Any CPU
		{30933387-1A46-61B6-719E-C9BFC4ED0068}.Debug|Any CPU.ActiveCfg = Debug|Any CPU
		{30933387-1A46-61B6-719E-C9BFC4ED0068}.Debug|Any CPU.Build.0 = Debug|Any CPU
		{30933387-1A46-61B6-719E-C9BFC4ED0068}.Release|Any CPU.ActiveCfg = Release|Any CPU
		{30933387-1A46-61B6-719E-C9BFC4ED0068}.Release|Any CPU.Build.0 = Release|Any CPU
		{6EC9D6BC-C11E-8D7F-F09B-A14CC2470838}.Debug|Any CPU.ActiveCfg = Debug|Any CPU
		{6EC9D6BC-C11E-8D7F-F09B-A14CC2470838}.Debug|Any CPU.Build.0 = Debug|Any CPU
		{6EC9D6BC-C11E-8D7F-F09B-A14CC2470838}.Release|Any CPU.ActiveCfg = Release|Any CPU
		{6EC9D6BC-C11E-8D7F-F09B-A14CC2470838}.Release|Any CPU.Build.0 = Release|Any CPU
		{E7772BE0-39D2-1C6D-0CCA-124230188E99}.Debug|Any CPU.ActiveCfg = Debug|Any CPU
		{E7772BE0-39D2-1C6D-0CCA-124230188E99}.Debug|Any CPU.Build.0 = Debug|Any CPU
		{E7772BE0-39D2-1C6D-0CCA-124230188E99}.Release|Any CPU.ActiveCfg = Release|Any CPU
		{E7772BE0-39D2-1C6D-0CCA-124230188E99}.Release|Any CPU.Build.0 = Release|Any CPU
		{236B3727-778C-A710-C4B2-C82FDDA015F9}.Debug|Any CPU.ActiveCfg = Debug|Any CPU
		{236B3727-778C-A710-C4B2-C82FDDA015F9}.Debug|Any CPU.Build.0 = Debug|Any CPU
		{236B3727-778C-A710-C4B2-C82FDDA015F9}.Release|Any CPU.ActiveCfg = Release|Any CPU
		{236B3727-778C-A710-C4B2-C82FDDA015F9}.Release|Any CPU.Build.0 = Release|Any CPU
		{A26CFFED-0294-F65A-1ACF-F9860FFB743F}.Debug|Any CPU.ActiveCfg = Debug|Any CPU
		{A26CFFED-0294-F65A-1ACF-F9860FFB743F}.Debug|Any CPU.Build.0 = Debug|Any CPU
		{A26CFFED-0294-F65A-1ACF-F9860FFB743F}.Release|Any CPU.ActiveCfg = Release|Any CPU
		{A26CFFED-0294-F65A-1ACF-F9860FFB743F}.Release|Any CPU.Build.0 = Release|Any CPU
		{3D6F3C3C-49CA-61C3-A975-F08C47A0B153}.Debug|Any CPU.ActiveCfg = Debug|Any CPU
		{3D6F3C3C-49CA-61C3-A975-F08C47A0B153}.Debug|Any CPU.Build.0 = Debug|Any CPU
		{3D6F3C3C-49CA-61C3-A975-F08C47A0B153}.Release|Any CPU.ActiveCfg = Release|Any CPU
		{3D6F3C3C-49CA-61C3-A975-F08C47A0B153}.Release|Any CPU.Build.0 = Release|Any CPU
		{71A1A4D3-0EA3-BEF1-196C-EB291765FA18}.Debug|Any CPU.ActiveCfg = Debug|Any CPU
		{71A1A4D3-0EA3-BEF1-196C-EB291765FA18}.Debug|Any CPU.Build.0 = Debug|Any CPU
		{71A1A4D3-0EA3-BEF1-196C-EB291765FA18}.Release|Any CPU.ActiveCfg = Release|Any CPU
		{71A1A4D3-0EA3-BEF1-196C-EB291765FA18}.Release|Any CPU.Build.0 = Release|Any CPU
		{83A01E4A-D70B-AE41-2E89-7005D585A626}.Debug|Any CPU.ActiveCfg = Debug|Any CPU
		{83A01E4A-D70B-AE41-2E89-7005D585A626}.Debug|Any CPU.Build.0 = Debug|Any CPU
		{83A01E4A-D70B-AE41-2E89-7005D585A626}.Release|Any CPU.ActiveCfg = Release|Any CPU
		{83A01E4A-D70B-AE41-2E89-7005D585A626}.Release|Any CPU.Build.0 = Release|Any CPU
		{C6F49D16-677F-EDC9-E828-540A06FB1EA5}.Debug|Any CPU.ActiveCfg = Debug|Any CPU
		{C6F49D16-677F-EDC9-E828-540A06FB1EA5}.Debug|Any CPU.Build.0 = Debug|Any CPU
		{C6F49D16-677F-EDC9-E828-540A06FB1EA5}.Release|Any CPU.ActiveCfg = Release|Any CPU
		{C6F49D16-677F-EDC9-E828-540A06FB1EA5}.Release|Any CPU.Build.0 = Release|Any CPU
	EndGlobalSection
	GlobalSection(SolutionProperties) = preSolution
		HideSolutionNode = FALSE
	EndGlobalSection
EndGlobal
